// !$*UTF8*$!
{
	archiveVersion = 1;
	classes = {
	};
	objectVersion = 48;
	objects = {

/* Begin PBXBuildFile section */
		90F1B1001FC0720000972BB3 /* AppDelegate.swift in Sources */ = {isa = PBXBuildFile; fileRef = 90F1B0FF1FC0720000972BB3 /* AppDelegate.swift */; };
		90F1B1021FC0720000972BB3 /* ViewController.swift in Sources */ = {isa = PBXBuildFile; fileRef = 90F1B1011FC0720000972BB3 /* ViewController.swift */; };
		90F1B1051FC0720000972BB3 /* Main.storyboard in Resources */ = {isa = PBXBuildFile; fileRef = 90F1B1031FC0720000972BB3 /* Main.storyboard */; };
		90F1B1071FC0720000972BB3 /* Assets.xcassets in Resources */ = {isa = PBXBuildFile; fileRef = 90F1B1061FC0720000972BB3 /* Assets.xcassets */; };
		90F1B10A1FC0720000972BB3 /* LaunchScreen.storyboard in Resources */ = {isa = PBXBuildFile; fileRef = 90F1B1081FC0720000972BB3 /* LaunchScreen.storyboard */; };
/* End PBXBuildFile section */

/* Begin PBXFileReference section */
		90F1B0FC1FC0720000972BB3 /* TwitterUI-CODE.ver.app */ = {isa = PBXFileReference; explicitFileType = wrapper.application; includeInIndex = 0; path = "TwitterUI-CODE.ver.app"; sourceTree = BUILT_PRODUCTS_DIR; };
		90F1B0FF1FC0720000972BB3 /* AppDelegate.swift */ = {isa = PBXFileReference; lastKnownFileType = sourcecode.swift; path = AppDelegate.swift; sourceTree = "<group>"; };
		90F1B1011FC0720000972BB3 /* ViewController.swift */ = {isa = PBXFileReference; lastKnownFileType = sourcecode.swift; path = ViewController.swift; sourceTree = "<group>"; };
		90F1B1041FC0720000972BB3 /* Base */ = {isa = PBXFileReference; lastKnownFileType = file.storyboard; name = Base; path = Base.lproj/Main.storyboard; sourceTree = "<group>"; };
		90F1B1061FC0720000972BB3 /* Assets.xcassets */ = {isa = PBXFileReference; lastKnownFileType = folder.assetcatalog; path = Assets.xcassets; sourceTree = "<group>"; };
		90F1B1091FC0720000972BB3 /* Base */ = {isa = PBXFileReference; lastKnownFileType = file.storyboard; name = Base; path = Base.lproj/LaunchScreen.storyboard; sourceTree = "<group>"; };
		90F1B10B1FC0720000972BB3 /* Info.plist */ = {isa = PBXFileReference; lastKnownFileType = text.plist.xml; path = Info.plist; sourceTree = "<group>"; };
/* End PBXFileReference section */

/* Begin PBXFrameworksBuildPhase section */
		90F1B0F91FC0720000972BB3 /* Frameworks */ = {
			isa = PBXFrameworksBuildPhase;
			buildActionMask = 2147483647;
			files = (
			);
			runOnlyForDeploymentPostprocessing = 0;
		};
/* End PBXFrameworksBuildPhase section */

/* Begin PBXGroup section */
		90F1B0F31FC0720000972BB3 = {
			isa = PBXGroup;
			children = (
				90F1B0FE1FC0720000972BB3 /* TwitterUI-CODE.ver */,
				90F1B0FD1FC0720000972BB3 /* Products */,
			);
			sourceTree = "<group>";
		};
		90F1B0FD1FC0720000972BB3 /* Products */ = {
			isa = PBXGroup;
			children = (
				90F1B0FC1FC0720000972BB3 /* TwitterUI-CODE.ver.app */,
			);
			name = Products;
			sourceTree = "<group>";
		};
		90F1B0FE1FC0720000972BB3 /* TwitterUI-CODE.ver */ = {
			isa = PBXGroup;
			children = (
				90F1B0FF1FC0720000972BB3 /* AppDelegate.swift */,
				90F1B1011FC0720000972BB3 /* ViewController.swift */,
				90F1B1031FC0720000972BB3 /* Main.storyboard */,
				90F1B1061FC0720000972BB3 /* Assets.xcassets */,
				90F1B1081FC0720000972BB3 /* LaunchScreen.storyboard */,
				90F1B10B1FC0720000972BB3 /* Info.plist */,
			);
			path = "TwitterUI-CODE.ver";
			sourceTree = "<group>";
		};
/* End PBXGroup section */

/* Begin PBXNativeTarget section */
		90F1B0FB1FC0720000972BB3 /* TwitterUI-CODE.ver */ = {
			isa = PBXNativeTarget;
			buildConfigurationList = 90F1B10E1FC0720000972BB3 /* Build configuration list for PBXNativeTarget "TwitterUI-CODE.ver" */;
			buildPhases = (
				90F1B0F81FC0720000972BB3 /* Sources */,
				90F1B0F91FC0720000972BB3 /* Frameworks */,
				90F1B0FA1FC0720000972BB3 /* Resources */,
			);
			buildRules = (
			);
			dependencies = (
			);
			name = "TwitterUI-CODE.ver";
			productName = "TwitterUI-CODE.ver";
			productReference = 90F1B0FC1FC0720000972BB3 /* TwitterUI-CODE.ver.app */;
			productType = "com.apple.product-type.application";
		};
/* End PBXNativeTarget section */

/* Begin PBXProject section */
		90F1B0F41FC0720000972BB3 /* Project object */ = {
			isa = PBXProject;
			attributes = {
				LastSwiftUpdateCheck = 0900;
				LastUpgradeCheck = 0900;
				ORGANIZATIONNAME = "Francis Jemuel Bergonia";
				TargetAttributes = {
					90F1B0FB1FC0720000972BB3 = {
						CreatedOnToolsVersion = 9.0;
						ProvisioningStyle = Automatic;
					};
				};
			};
			buildConfigurationList = 90F1B0F71FC0720000972BB3 /* Build configuration list for PBXProject "TwitterUI-CODE.ver" */;
			compatibilityVersion = "Xcode 8.0";
			developmentRegion = en;
			hasScannedForEncodings = 0;
			knownRegions = (
				en,
				Base,
			);
			mainGroup = 90F1B0F31FC0720000972BB3;
			productRefGroup = 90F1B0FD1FC0720000972BB3 /* Products */;
			projectDirPath = "";
			projectRoot = "";
			targets = (
				90F1B0FB1FC0720000972BB3 /* TwitterUI-CODE.ver */,
			);
		};
/* End PBXProject section */

/* Begin PBXResourcesBuildPhase section */
		90F1B0FA1FC0720000972BB3 /* Resources */ = {
			isa = PBXResourcesBuildPhase;
			buildActionMask = 2147483647;
			files = (
				90F1B10A1FC0720000972BB3 /* LaunchScreen.storyboard in Resources */,
				90F1B1071FC0720000972BB3 /* Assets.xcassets in Resources */,
				90F1B1051FC0720000972BB3 /* Main.storyboard in Resources */,
			);
			runOnlyForDeploymentPostprocessing = 0;
		};
/* End PBXResourcesBuildPhase section */

/* Begin PBXSourcesBuildPhase section */
		90F1B0F81FC0720000972BB3 /* Sources */ = {
			isa = PBXSourcesBuildPhase;
			buildActionMask = 2147483647;
			files = (
				90F1B1021FC0720000972BB3 /* ViewController.swift in Sources */,
				90F1B1001FC0720000972BB3 /* AppDelegate.swift in Sources */,
			);
			runOnlyForDeploymentPostprocessing = 0;
		};
/* End PBXSourcesBuildPhase section */

/* Begin PBXVariantGroup section */
		90F1B1031FC0720000972BB3 /* Main.storyboard */ = {
			isa = PBXVariantGroup;
			children = (
				90F1B1041FC0720000972BB3 /* Base */,
			);
			name = Main.storyboard;
			sourceTree = "<group>";
		};
		90F1B1081FC0720000972BB3 /* LaunchScreen.storyboard */ = {
			isa = PBXVariantGroup;
			children = (
				90F1B1091FC0720000972BB3 /* Base */,
			);
			name = LaunchScreen.storyboard;
			sourceTree = "<group>";
		};
/* End PBXVariantGroup section */

/* Begin XCBuildConfiguration section */
		90F1B10C1FC0720000972BB3 /* Debug */ = {
			isa = XCBuildConfiguration;
			buildSettings = {
				ALWAYS_SEARCH_USER_PATHS = NO;
				CLANG_ANALYZER_NONNULL = YES;
				CLANG_ANALYZER_NUMBER_OBJECT_CONVERSION = YES_AGGRESSIVE;
				CLANG_CXX_LANGUAGE_STANDARD = "gnu++14";
				CLANG_CXX_LIBRARY = "libc++";
				CLANG_ENABLE_MODULES = YES;
				CLANG_ENABLE_OBJC_ARC = YES;
				CLANG_WARN_BLOCK_CAPTURE_AUTORELEASING = YES;
				CLANG_WARN_BOOL_CONVERSION = YES;
				CLANG_WARN_COMMA = YES;
				CLANG_WARN_CONSTANT_CONVERSION = YES;
				CLANG_WARN_DIRECT_OBJC_ISA_USAGE = YES_ERROR;
				CLANG_WARN_DOCUMENTATION_COMMENTS = YES;
				CLANG_WARN_EMPTY_BODY = YES;
				CLANG_WARN_ENUM_CONVERSION = YES;
				CLANG_WARN_INFINITE_RECURSION = YES;
				CLANG_WARN_INT_CONVERSION = YES;
				CLANG_WARN_NON_LITERAL_NULL_CONVERSION = YES;
				CLANG_WARN_OBJC_LITERAL_CONVERSION = YES;
				CLANG_WARN_OBJC_ROOT_CLASS = YES_ERROR;
				CLANG_WARN_RANGE_LOOP_ANALYSIS = YES;
				CLANG_WARN_STRICT_PROTOTYPES = YES;
				CLANG_WARN_SUSPICIOUS_MOVE = YES;
				CLANG_WARN_UNGUARDED_AVAILABILITY = YES_AGGRESSIVE;
				CLANG_WARN_UNREACHABLE_CODE = YES;
				CLANG_WARN__DUPLICATE_METHOD_MATCH = YES;
				CODE_SIGN_IDENTITY = "iPhone Developer";
				COPY_PHASE_STRIP = NO;
				DEBUG_INFORMATION_FORMAT = dwarf;
				ENABLE_STRICT_OBJC_MSGSEND = YES;
				ENABLE_TESTABILITY = YES;
				GCC_C_LANGUAGE_STANDARD = gnu11;
				GCC_DYNAMIC_NO_PIC = NO;
				GCC_NO_COMMON_BLOCKS = YES;
				GCC_OPTIMIZATION_LEVEL = 0;
				GCC_PREPROCESSOR_DEFINITIONS = (
					"DEBUG=1",
					"$(inherited)",
				);
				GCC_WARN_64_TO_32_BIT_CONVERSION = YES;
				GCC_WARN_ABOUT_RETURN_TYPE = YES_ERROR;
				GCC_WARN_UNDECLARED_SELECTOR = YES;
				GCC_WARN_UNINITIALIZED_AUTOS = YES_AGGRESSIVE;
				GCC_WARN_UNUSED_FUNCTION = YES;
				GCC_WARN_UNUSED_VARIABLE = YES;
				IPHONEOS_DEPLOYMENT_TARGET = 11.0;
				MTL_ENABLE_DEBUG_INFO = YES;
				ONLY_ACTIVE_ARCH = YES;
				SDKROOT = iphoneos;
				SWIFT_ACTIVE_COMPILATION_CONDITIONS = DEBUG;
				SWIFT_OPTIMIZATION_LEVEL = "-Onone";
			};
			name = Debug;
		};
		90F1B10D1FC0720000972BB3 /* Release */ = {
			isa = XCBuildConfiguration;
			buildSettings = {
				ALWAYS_SEARCH_USER_PATHS = NO;
				CLANG_ANALYZER_NONNULL = YES;
				CLANG_ANALYZER_NUMBER_OBJECT_CONVERSION = YES_AGGRESSIVE;
				CLANG_CXX_LANGUAGE_STANDARD = "gnu++14";
				CLANG_CXX_LIBRARY = "libc++";
				CLANG_ENABLE_MODULES = YES;
				CLANG_ENABLE_OBJC_ARC = YES;
				CLANG_WARN_BLOCK_CAPTURE_AUTORELEASING = YES;
				CLANG_WARN_BOOL_CONVERSION = YES;
				CLANG_WARN_COMMA = YES;
				CLANG_WARN_CONSTANT_CONVERSION = YES;
				CLANG_WARN_DIRECT_OBJC_ISA_USAGE = YES_ERROR;
				CLANG_WARN_DOCUMENTATION_COMMENTS = YES;
				CLANG_WARN_EMPTY_BODY = YES;
				CLANG_WARN_ENUM_CONVERSION = YES;
				CLANG_WARN_INFINITE_RECURSION = YES;
				CLANG_WARN_INT_CONVERSION = YES;
				CLANG_WARN_NON_LITERAL_NULL_CONVERSION = YES;
				CLANG_WARN_OBJC_LITERAL_CONVERSION = YES;
				CLANG_WARN_OBJC_ROOT_CLASS = YES_ERROR;
				CLANG_WARN_RANGE_LOOP_ANALYSIS = YES;
				CLANG_WARN_STRICT_PROTOTYPES = YES;
				CLANG_WARN_SUSPICIOUS_MOVE = YES;
				CLANG_WARN_UNGUARDED_AVAILABILITY = YES_AGGRESSIVE;
				CLANG_WARN_UNREACHABLE_CODE = YES;
				CLANG_WARN__DUPLICATE_METHOD_MATCH = YES;
				CODE_SIGN_IDENTITY = "iPhone Developer";
				COPY_PHASE_STRIP = NO;
				DEBUG_INFORMATION_FORMAT = "dwarf-with-dsym";
				ENABLE_NS_ASSERTIONS = NO;
				ENABLE_STRICT_OBJC_MSGSEND = YES;
				GCC_C_LANGUAGE_STANDARD = gnu11;
				GCC_NO_COMMON_BLOCKS = YES;
				GCC_WARN_64_TO_32_BIT_CONVERSION = YES;
				GCC_WARN_ABOUT_RETURN_TYPE = YES_ERROR;
				GCC_WARN_UNDECLARED_SELECTOR = YES;
				GCC_WARN_UNINITIALIZED_AUTOS = YES_AGGRESSIVE;
				GCC_WARN_UNUSED_FUNCTION = YES;
				GCC_WARN_UNUSED_VARIABLE = YES;
				IPHONEOS_DEPLOYMENT_TARGET = 11.0;
				MTL_ENABLE_DEBUG_INFO = NO;
				SDKROOT = iphoneos;
				SWIFT_OPTIMIZATION_LEVEL = "-Owholemodule";
				VALIDATE_PRODUCT = YES;
			};
			name = Release;
		};
		90F1B10F1FC0720000972BB3 /* Debug */ = {
			isa = XCBuildConfiguration;
			buildSettings = {
				ASSETCATALOG_COMPILER_APPICON_NAME = AppIcon;
				CODE_SIGN_STYLE = Automatic;
				INFOPLIST_FILE = "TwitterUI-CODE.ver/Info.plist";
				LD_RUNPATH_SEARCH_PATHS = "$(inherited) @executable_path/Frameworks";
				PRODUCT_BUNDLE_IDENTIFIER = "com.XiApps.TwitterUI-CODE-ver";
				PRODUCT_NAME = "$(TARGET_NAME)";
				SWIFT_VERSION = 4.0;
				TARGETED_DEVICE_FAMILY = "1,2";
			};
			name = Debug;
		};
		90F1B1101FC0720000972BB3 /* Release */ = {
			isa = XCBuildConfiguration;
			buildSettings = {
				ASSETCATALOG_COMPILER_APPICON_NAME = AppIcon;
				CODE_SIGN_STYLE = Automatic;
				INFOPLIST_FILE = "TwitterUI-CODE.ver/Info.plist";
				LD_RUNPATH_SEARCH_PATHS = "$(inherited) @executable_path/Frameworks";
				PRODUCT_BUNDLE_IDENTIFIER = "com.XiApps.TwitterUI-CODE-ver";
				PRODUCT_NAME = "$(TARGET_NAME)";
				SWIFT_VERSION = 4.0;
				TARGETED_DEVICE_FAMILY = "1,2";
			};
			name = Release;
		};
/* End XCBuildConfiguration section */

/* Begin XCConfigurationList section */
		90F1B0F71FC0720000972BB3 /* Build configuration list for PBXProject "TwitterUI-CODE.ver" */ = {
			isa = XCConfigurationList;
			buildConfigurations = (
				90F1B10C1FC0720000972BB3 /* Debug */,
				90F1B10D1FC0720000972BB3 /* Release */,
			);
			defaultConfigurationIsVisible = 0;
			defaultConfigurationName = Release;
		};
		90F1B10E1FC0720000972BB3 /* Build configuration list for PBXNativeTarget "TwitterUI-CODE.ver" */ = {
			isa = XCConfigurationList;
			buildConfigurations = (
				90F1B10F1FC0720000972BB3 /* Debug */,
				90F1B1101FC0720000972BB3 /* Release */,
			);
			defaultConfigurationIsVisible = 0;
			defaultConfigurationName = Release;
		};
/* End XCConfigurationList section */
	};
	rootObject = 90F1B0F41FC0720000972BB3 /* Project object */;
}
